
Microsoft Visual Studio Solution File, Format Version 12.00
# Visual Studio Version 17
VisualStudioVersion = 17.10.35004.147
MinimumVisualStudioVersion = 10.0.40219.1
Project("{9A19103F-16F7-4668-BE54-9A1E7A4F7556}") = "Consultorio-Medico", "Consultorio-Medico\Consultorio-Medico.csproj", "{17E0E2F2-66E6-4711-8B26-11032E105F5A}"
EndProject
Project("{9A19103F-16F7-4668-BE54-9A1E7A4F7556}") = "CapaDatos", "CapaDatos\CapaDatos.csproj", "{8ED6D116-7052-4583-9FB0-6A4C834308BF}"
	ProjectSection(ProjectDependencies) = postProject
		{6A6FEE3E-D463-4BCF-8A4E-2D5D62264013} = {6A6FEE3E-D463-4BCF-8A4E-2D5D62264013}
	EndProjectSection
EndProject
Project("{9A19103F-16F7-4668-BE54-9A1E7A4F7556}") = "Entidades", "Entidades\Entidades.csproj", "{6A6FEE3E-D463-4BCF-8A4E-2D5D62264013}"
EndProject
Global
	GlobalSection(SolutionConfigurationPlatforms) = preSolution
		Debug|Any CPU = Debug|Any CPU
		Release|Any CPU = Release|Any CPU
	EndGlobalSection
	GlobalSection(ProjectConfigurationPlatforms) = postSolution
		{17E0E2F2-66E6-4711-8B26-11032E105F5A}.Debug|Any CPU.ActiveCfg = Debug|Any CPU
		{17E0E2F2-66E6-4711-8B26-11032E105F5A}.Debug|Any CPU.Build.0 = Debug|Any CPU
		{17E0E2F2-66E6-4711-8B26-11032E105F5A}.Release|Any CPU.ActiveCfg = Release|Any CPU
		{17E0E2F2-66E6-4711-8B26-11032E105F5A}.Release|Any CPU.Build.0 = Release|Any CPU
		{8ED6D116-7052-4583-9FB0-6A4C834308BF}.Debug|Any CPU.ActiveCfg = Debug|Any CPU
		{8ED6D116-7052-4583-9FB0-6A4C834308BF}.Debug|Any CPU.Build.0 = Debug|Any CPU
		{8ED6D116-7052-4583-9FB0-6A4C834308BF}.Release|Any CPU.ActiveCfg = Release|Any CPU
		{8ED6D116-7052-4583-9FB0-6A4C834308BF}.Release|Any CPU.Build.0 = Release|Any CPU
		{6A6FEE3E-D463-4BCF-8A4E-2D5D62264013}.Debug|Any CPU.ActiveCfg = Debug|Any CPU
		{6A6FEE3E-D463-4BCF-8A4E-2D5D62264013}.Debug|Any CPU.Build.0 = Debug|Any CPU
		{6A6FEE3E-D463-4BCF-8A4E-2D5D62264013}.Release|Any CPU.ActiveCfg = Release|Any CPU
		{6A6FEE3E-D463-4BCF-8A4E-2D5D62264013}.Release|Any CPU.Build.0 = Release|Any CPU
	EndGlobalSection
	GlobalSection(SolutionProperties) = preSolution
		HideSolutionNode = FALSE
	EndGlobalSection
	GlobalSection(ExtensibilityGlobals) = postSolution
		SolutionGuid = {53F6CCE6-4C3E-4122-9241-D9F9917039A9}
	EndGlobalSection
EndGlobal
